
Microsoft Visual Studio Solution File, Format Version 12.00
# Visual Studio Version 17
VisualStudioVersion = 17.12.35209.166
MinimumVisualStudioVersion = 10.0.40219.1
Project("{FAE04EC0-301F-11D3-BF4B-00C04F79EFBC}") = "DynamicPortfolio", "DynamicPortfolio.csproj", "{244B828C-C44F-408B-83E5-859F676D2532}"
EndProject
Global
	GlobalSection(SolutionConfigurationPlatforms) = preSolution
		Debug|Any CPU = Debug|Any CPU
		Release|Any CPU = Release|Any CPU
	EndGlobalSection
	GlobalSection(ProjectConfigurationPlatforms) = postSolution
		{244B828C-C44F-408B-83E5-859F676D2532}.Debug|Any CPU.ActiveCfg = Debug|Any CPU
		{244B828C-C44F-408B-83E5-859F676D2532}.Debug|Any CPU.Build.0 = Debug|Any CPU
		{244B828C-C44F-408B-83E5-859F676D2532}.Release|Any CPU.ActiveCfg = Release|Any CPU
		{244B828C-C44F-408B-83E5-859F676D2532}.Release|Any CPU.Build.0 = Release|Any CPU
	EndGlobalSection
	GlobalSection(SolutionProperties) = preSolution
		HideSolutionNode = FALSE
	EndGlobalSection
	GlobalSection(ExtensibilityGlobals) = postSolution
		SolutionGuid = {6C23A867-070F-4176-A983-261C1B626670}
	EndGlobalSection
EndGlobal
